lockfileVersion: '9.0'

settings:
  autoInstallPeers: true
  excludeLinksFromLockfile: false

importers:

  .:
    dependencies:
      openai:
        specifier: ^6.9.1
        version: 6.9.1

packages:

  openai@6.9.1:
    resolution: {integrity: sha512-vQ5Rlt0ZgB3/BNmTa7bIijYFhz3YBceAA3Z4JuoMSBftBF9YqFHIEhZakSs+O/Ad7EaoEimZvHxD5ylRjN11Lg==}
    hasBin: true
    peerDependencies:
      ws: ^8.18.0
      zod: ^3.25 || ^4.0
    peerDependenciesMeta:
      ws:
        optional: true
      zod:
        optional: true

snapshots:

  openai@6.9.1: {}
